
Microsoft Visual Studio Solution File, Format Version 12.00
# Visual Studio 15
VisualStudioVersion = 15.0.28307.106
MinimumVisualStudioVersion = 10.0.40219.1
Project("{FAE04EC0-301F-11D3-BF4B-00C04F79EFBC}") = "FinalERJP.Android", "FinalERJP\FinalERJP.Android\FinalERJP.Android.csproj", "{C82C9ACE-29D1-4CBB-AA66-BFE7EFD05EE7}"
EndProject
Project("{9A19103F-16F7-4668-BE54-9A1E7A4F7556}") = "FinalERJP", "FinalERJP\FinalERJP\FinalERJP.csproj", "{C95D6F1D-37FE-4C30-B648-1FB8F207D226}"
EndProject
Project("{FAE04EC0-301F-11D3-BF4B-00C04F79EFBC}") = "FinalERJP.Dominio", "FinalERJP.Dominio\FinalERJP.Dominio.csproj", "{95230B87-50C2-4D4F-99FA-904A1F3DA198}"
EndProject
Global
	GlobalSection(SolutionConfigurationPlatforms) = preSolution
		Debug|Any CPU = Debug|Any CPU
		Release|Any CPU = Release|Any CPU
	EndGlobalSection
	GlobalSection(ProjectConfigurationPlatforms) = postSolution
		{C82C9ACE-29D1-4CBB-AA66-BFE7EFD05EE7}.Debug|Any CPU.ActiveCfg = Debug|Any CPU
		{C82C9ACE-29D1-4CBB-AA66-BFE7EFD05EE7}.Debug|Any CPU.Build.0 = Debug|Any CPU
		{C82C9ACE-29D1-4CBB-AA66-BFE7EFD05EE7}.Debug|Any CPU.Deploy.0 = Debug|Any CPU
		{C82C9ACE-29D1-4CBB-AA66-BFE7EFD05EE7}.Release|Any CPU.ActiveCfg = Release|Any CPU
		{C82C9ACE-29D1-4CBB-AA66-BFE7EFD05EE7}.Release|Any CPU.Build.0 = Release|Any CPU
		{C82C9ACE-29D1-4CBB-AA66-BFE7EFD05EE7}.Release|Any CPU.Deploy.0 = Release|Any CPU
		{C95D6F1D-37FE-4C30-B648-1FB8F207D226}.Debug|Any CPU.ActiveCfg = Debug|Any CPU
		{C95D6F1D-37FE-4C30-B648-1FB8F207D226}.Debug|Any CPU.Build.0 = Debug|Any CPU
		{C95D6F1D-37FE-4C30-B648-1FB8F207D226}.Debug|Any CPU.Deploy.0 = Debug|Any CPU
		{C95D6F1D-37FE-4C30-B648-1FB8F207D226}.Release|Any CPU.ActiveCfg = Release|Any CPU
		{C95D6F1D-37FE-4C30-B648-1FB8F207D226}.Release|Any CPU.Build.0 = Release|Any CPU
		{C95D6F1D-37FE-4C30-B648-1FB8F207D226}.Release|Any CPU.Deploy.0 = Release|Any CPU
		{95230B87-50C2-4D4F-99FA-904A1F3DA198}.Debug|Any CPU.ActiveCfg = Debug|Any CPU
		{95230B87-50C2-4D4F-99FA-904A1F3DA198}.Debug|Any CPU.Build.0 = Debug|Any CPU
		{95230B87-50C2-4D4F-99FA-904A1F3DA198}.Release|Any CPU.ActiveCfg = Release|Any CPU
		{95230B87-50C2-4D4F-99FA-904A1F3DA198}.Release|Any CPU.Build.0 = Release|Any CPU
	EndGlobalSection
	GlobalSection(SolutionProperties) = preSolution
		HideSolutionNode = FALSE
	EndGlobalSection
	GlobalSection(ExtensibilityGlobals) = postSolution
		SolutionGuid = {740E07FF-D0AD-46EE-B01A-BE1BD639369F}
	EndGlobalSection
EndGlobal
